DEPENDENCIES
  mongodb
    git: git@github.com:manibrar/mongo_chef_unit_and_integration.git
    revision: dc934d5d60783351a219fce235ac548f12868e8e
  node
    git: git@github.com:manibrar/node_chef_unit_integration.git
    revision: abcaff9629e3090b16788f3d830e9e325d25fe8f

GRAPH
  ark (4.0.0)
    build-essential (>= 0.0.0)
    seven_zip (>= 0.0.0)
  build-essential (8.1.1)
    mingw (>= 1.1)
    seven_zip (>= 0.0.0)
  mingw (2.1.0)
    seven_zip (>= 0.0.0)
  mongodb (0.1.0)
  node (0.1.0)
    nodejs (~> 5.0.0)
  nodejs (5.0.0)
    ark (>= 2.0.2)
    build-essential (>= 0.0.0)
  seven_zip (3.0.0)
    windows (>= 0.0.0)
  windows (5.0.0)
